{
  "originHash" : "febf2b82fc7f2dede073abd45a744a3125bee51d1e22f1c3c57457a604f073d2",
  "pins" : [
    {
      "identity" : "posthog-ios",
      "kind" : "remoteSourceControl",
      "location" : "https://github.com/PostHog/posthog-ios.git",
      "state" : {
        "revision" : "f381818bc153f63fbe13d6822e65cc7233ba4647",
        "version" : "3.31.0"
      }
    },
    {
      "identity" : "sentry-cocoa",
      "kind" : "remoteSourceControl",
      "location" : "https://github.com/getsentry/sentry-cocoa",
      "state" : {
        "revision" : "2c70925b98238b7efacde11d30075328c3cb6a2a",
        "version" : "8.55.1"
      }
    },
    {
      "identity" : "sparkle",
      "kind" : "remoteSourceControl",
      "location" : "https://github.com/sparkle-project/Sparkle",
      "state" : {
        "revision" : "06beff60e3b609a485290e4d5d2d1e2eedb1e55d",
        "version" : "2.7.3"
      }
    }
  ],
  "version" : 3
}
